// !$*UTF8*$!
{
	archiveVersion = 1;
	classes = {
	};
	objectVersion = 55;
	objects = {

/* Begin PBXBuildFile section */
		AA9743A22AD1130B0014C03F /* DataStore.swift in Sources */ = {isa = PBXBuildFile; fileRef = AA9743A12AD1130B0014C03F /* DataStore.swift */; };
		AA9743A42AD114020014C03F /* SampleMapView.swift in Sources */ = {isa = PBXBuildFile; fileRef = AA9743A32AD114020014C03F /* SampleMapView.swift */; };
		AA9743A62AD114580014C03F /* LocationManager.swift in Sources */ = {isa = PBXBuildFile; fileRef = AA9743A52AD114580014C03F /* LocationManager.swift */; };
		BF2CA04B28EE7F7100D3C2EF /* fire_appApp.swift in Sources */ = {isa = PBXBuildFile; fileRef = BF2CA04A28EE7F7100D3C2EF /* fire_appApp.swift */; };
		BF2CA04D28EE7F7100D3C2EF /* ContentView.swift in Sources */ = {isa = PBXBuildFile; fileRef = BF2CA04C28EE7F7100D3C2EF /* ContentView.swift */; };
		BF2CA04F28EE7F7600D3C2EF /* Assets.xcassets in Resources */ = {isa = PBXBuildFile; fileRef = BF2CA04E28EE7F7600D3C2EF /* Assets.xcassets */; };
		BF2CA05228EE7F7600D3C2EF /* Preview Assets.xcassets in Resources */ = {isa = PBXBuildFile; fileRef = BF2CA05128EE7F7600D3C2EF /* Preview Assets.xcassets */; };
		BF2CA05A28EE800D00D3C2EF /* SwiftyJSON in Frameworks */ = {isa = PBXBuildFile; productRef = BF2CA05928EE800D00D3C2EF /* SwiftyJSON */; };
		BF2CA05D28EE803400D3C2EF /* Alamofire in Frameworks */ = {isa = PBXBuildFile; productRef = BF2CA05C28EE803400D3C2EF /* Alamofire */; };
		BF2CA06128EE871C00D3C2EF /* multiTabView.swift in Sources */ = {isa = PBXBuildFile; fileRef = BF2CA06028EE871C00D3C2EF /* multiTabView.swift */; };
		BF2CA06328EE87D800D3C2EF /* webKitCode.swift in Sources */ = {isa = PBXBuildFile; fileRef = BF2CA06228EE87D800D3C2EF /* webKitCode.swift */; };
		BF854FFC2AB6558F00AEDE60 /* FireGridView.swift in Sources */ = {isa = PBXBuildFile; fileRef = BF854FFB2AB6558F00AEDE60 /* FireGridView.swift */; };
		BF8550002AB6580D00AEDE60 /* GridModel.swift in Sources */ = {isa = PBXBuildFile; fileRef = BF854FFF2AB6580D00AEDE60 /* GridModel.swift */; };
/* End PBXBuildFile section */

/* Begin PBXFileReference section */
		AA9743A12AD1130B0014C03F /* DataStore.swift */ = {isa = PBXFileReference; lastKnownFileType = sourcecode.swift; path = DataStore.swift; sourceTree = "<group>"; };
		AA9743A32AD114020014C03F /* SampleMapView.swift */ = {isa = PBXFileReference; lastKnownFileType = sourcecode.swift; path = SampleMapView.swift; sourceTree = "<group>"; };
		AA9743A52AD114580014C03F /* LocationManager.swift */ = {isa = PBXFileReference; lastKnownFileType = sourcecode.swift; path = LocationManager.swift; sourceTree = "<group>"; };
		BF2CA04728EE7F7100D3C2EF /* fire app.app */ = {isa = PBXFileReference; explicitFileType = wrapper.application; includeInIndex = 0; path = "fire app.app"; sourceTree = BUILT_PRODUCTS_DIR; };
		BF2CA04A28EE7F7100D3C2EF /* fire_appApp.swift */ = {isa = PBXFileReference; lastKnownFileType = sourcecode.swift; path = fire_appApp.swift; sourceTree = "<group>"; };
		BF2CA04C28EE7F7100D3C2EF /* ContentView.swift */ = {isa = PBXFileReference; lastKnownFileType = sourcecode.swift; path = ContentView.swift; sourceTree = "<group>"; };
		BF2CA04E28EE7F7600D3C2EF /* Assets.xcassets */ = {isa = PBXFileReference; lastKnownFileType = folder.assetcatalog; path = Assets.xcassets; sourceTree = "<group>"; };
		BF2CA05128EE7F7600D3C2EF /* Preview Assets.xcassets */ = {isa = PBXFileReference; lastKnownFileType = folder.assetcatalog; path = "Preview Assets.xcassets"; sourceTree = "<group>"; };
		BF2CA06028EE871C00D3C2EF /* multiTabView.swift */ = {isa = PBXFileReference; lastKnownFileType = sourcecode.swift; path = multiTabView.swift; sourceTree = "<group>"; };
		BF2CA06228EE87D800D3C2EF /* webKitCode.swift */ = {isa = PBXFileReference; lastKnownFileType = sourcecode.swift; path = webKitCode.swift; sourceTree = "<group>"; };
		BF854FFB2AB6558F00AEDE60 /* FireGridView.swift */ = {isa = PBXFileReference; lastKnownFileType = sourcecode.swift; path = FireGridView.swift; sourceTree = "<group>"; };
		BF854FFF2AB6580D00AEDE60 /* GridModel.swift */ = {isa = PBXFileReference; lastKnownFileType = sourcecode.swift; path = GridModel.swift; sourceTree = "<group>"; };
/* End PBXFileReference section */

/* Begin PBXFrameworksBuildPhase section */
		BF2CA04428EE7F7100D3C2EF /* Frameworks */ = {
			isa = PBXFrameworksBuildPhase;
			buildActionMask = 2147483647;
			files = (
				BF2CA05A28EE800D00D3C2EF /* SwiftyJSON in Frameworks */,
				BF2CA05D28EE803400D3C2EF /* Alamofire in Frameworks */,
			);
			runOnlyForDeploymentPostprocessing = 0;
		};
/* End PBXFrameworksBuildPhase section */

/* Begin PBXGroup section */
		BF2CA03E28EE7F7100D3C2EF = {
			isa = PBXGroup;
			children = (
				BF2CA04928EE7F7100D3C2EF /* fire app */,
				BF2CA04828EE7F7100D3C2EF /* Products */,
			);
			sourceTree = "<group>";
		};
		BF2CA04828EE7F7100D3C2EF /* Products */ = {
			isa = PBXGroup;
			children = (
				BF2CA04728EE7F7100D3C2EF /* fire app.app */,
			);
			name = Products;
			sourceTree = "<group>";
		};
		BF2CA04928EE7F7100D3C2EF /* fire app */ = {
			isa = PBXGroup;
			children = (
				BF2CA06028EE871C00D3C2EF /* multiTabView.swift */,
				BF854FFB2AB6558F00AEDE60 /* FireGridView.swift */,
				AA9743A12AD1130B0014C03F /* DataStore.swift */,
				AA9743A32AD114020014C03F /* SampleMapView.swift */,
				AA9743A52AD114580014C03F /* LocationManager.swift */,
				BF2CA06228EE87D800D3C2EF /* webKitCode.swift */,
				BF2CA04A28EE7F7100D3C2EF /* fire_appApp.swift */,
				BF2CA04C28EE7F7100D3C2EF /* ContentView.swift */,
				BF2CA04E28EE7F7600D3C2EF /* Assets.xcassets */,
				BF854FFF2AB6580D00AEDE60 /* GridModel.swift */,
				BF2CA05028EE7F7600D3C2EF /* Preview Content */,
			);
			path = "fire app";
			sourceTree = "<group>";
		};
		BF2CA05028EE7F7600D3C2EF /* Preview Content */ = {
			isa = PBXGroup;
			children = (
				BF2CA05128EE7F7600D3C2EF /* Preview Assets.xcassets */,
			);
			path = "Preview Content";
			sourceTree = "<group>";
		};
/* End PBXGroup section */

/* Begin PBXNativeTarget section */
		BF2CA04628EE7F7100D3C2EF /* fire app */ = {
			isa = PBXNativeTarget;
			buildConfigurationList = BF2CA05528EE7F7600D3C2EF /* Build configuration list for PBXNativeTarget "fire app" */;
			buildPhases = (
				BF2CA04328EE7F7100D3C2EF /* Sources */,
				BF2CA04428EE7F7100D3C2EF /* Frameworks */,
				BF2CA04528EE7F7100D3C2EF /* Resources */,
			);
			buildRules = (
			);
			dependencies = (
			);
			name = "fire app";
			packageProductDependencies = (
				BF2CA05928EE800D00D3C2EF /* SwiftyJSON */,
				BF2CA05C28EE803400D3C2EF /* Alamofire */,
			);
			productName = "fire app";
			productReference = BF2CA04728EE7F7100D3C2EF /* fire app.app */;
			productType = "com.apple.product-type.application";
		};
/* End PBXNativeTarget section */

/* Begin PBXProject section */
		BF2CA03F28EE7F7100D3C2EF /* Project object */ = {
			isa = PBXProject;
			attributes = {
				BuildIndependentTargetsInParallel = 1;
				LastSwiftUpdateCheck = 1320;
				LastUpgradeCheck = 1320;
				TargetAttributes = {
					BF2CA04628EE7F7100D3C2EF = {
						CreatedOnToolsVersion = 13.2.1;
					};
				};
			};
			buildConfigurationList = BF2CA04228EE7F7100D3C2EF /* Build configuration list for PBXProject "fire app" */;
			compatibilityVersion = "Xcode 13.0";
			developmentRegion = en;
			hasScannedForEncodings = 0;
			knownRegions = (
				en,
				Base,
			);
			mainGroup = BF2CA03E28EE7F7100D3C2EF;
			packageReferences = (
				BF2CA05828EE800D00D3C2EF /* XCRemoteSwiftPackageReference "SwiftyJSON" */,
				BF2CA05B28EE803400D3C2EF /* XCRemoteSwiftPackageReference "Alamofire" */,
			);
			productRefGroup = BF2CA04828EE7F7100D3C2EF /* Products */;
			projectDirPath = "";
			projectRoot = "";
			targets = (
				BF2CA04628EE7F7100D3C2EF /* fire app */,
			);
		};
/* End PBXProject section */

/* Begin PBXResourcesBuildPhase section */
		BF2CA04528EE7F7100D3C2EF /* Resources */ = {
			isa = PBXResourcesBuildPhase;
			buildActionMask = 2147483647;
			files = (
				BF2CA05228EE7F7600D3C2EF /* Preview Assets.xcassets in Resources */,
				BF2CA04F28EE7F7600D3C2EF /* Assets.xcassets in Resources */,
			);
			runOnlyForDeploymentPostprocessing = 0;
		};
/* End PBXResourcesBuildPhase section */

/* Begin PBXSourcesBuildPhase section */
		BF2CA04328EE7F7100D3C2EF /* Sources */ = {
			isa = PBXSourcesBuildPhase;
			buildActionMask = 2147483647;
			files = (
				AA9743A22AD1130B0014C03F /* DataStore.swift in Sources */,
				AA9743A42AD114020014C03F /* SampleMapView.swift in Sources */,
				BF2CA06328EE87D800D3C2EF /* webKitCode.swift in Sources */,
				BF854FFC2AB6558F00AEDE60 /* FireGridView.swift in Sources */,
				BF2CA06128EE871C00D3C2EF /* multiTabView.swift in Sources */,
				BF2CA04D28EE7F7100D3C2EF /* ContentView.swift in Sources */,
				BF2CA04B28EE7F7100D3C2EF /* fire_appApp.swift in Sources */,
				BF8550002AB6580D00AEDE60 /* GridModel.swift in Sources */,
				AA9743A62AD114580014C03F /* LocationManager.swift in Sources */,
			);
			runOnlyForDeploymentPostprocessing = 0;
		};
/* End PBXSourcesBuildPhase section */

/* Begin XCBuildConfiguration section */
		BF2CA05328EE7F7600D3C2EF /* Debug */ = {
			isa = XCBuildConfiguration;
			buildSettings = {
				ALWAYS_SEARCH_USER_PATHS = NO;
				CLANG_ANALYZER_NONNULL = YES;
				CLANG_ANALYZER_NUMBER_OBJECT_CONVERSION = YES_AGGRESSIVE;
				CLANG_CXX_LANGUAGE_STANDARD = "gnu++17";
				CLANG_CXX_LIBRARY = "libc++";
				CLANG_ENABLE_MODULES = YES;
				CLANG_ENABLE_OBJC_ARC = YES;
				CLANG_ENABLE_OBJC_WEAK = YES;
				CLANG_WARN_BLOCK_CAPTURE_AUTORELEASING = YES;
				CLANG_WARN_BOOL_CONVERSION = YES;
				CLANG_WARN_COMMA = YES;
				CLANG_WARN_CONSTANT_CONVERSION = YES;
				CLANG_WARN_DEPRECATED_OBJC_IMPLEMENTATIONS = YES;
				CLANG_WARN_DIRECT_OBJC_ISA_USAGE = YES_ERROR;
				CLANG_WARN_DOCUMENTATION_COMMENTS = YES;
				CLANG_WARN_EMPTY_BODY = YES;
				CLANG_WARN_ENUM_CONVERSION = YES;
				CLANG_WARN_INFINITE_RECURSION = YES;
				CLANG_WARN_INT_CONVERSION = YES;
				CLANG_WARN_NON_LITERAL_NULL_CONVERSION = YES;
				CLANG_WARN_OBJC_IMPLICIT_RETAIN_SELF = YES;
				CLANG_WARN_OBJC_LITERAL_CONVERSION = YES;
				CLANG_WARN_OBJC_ROOT_CLASS = YES_ERROR;
				CLANG_WARN_QUOTED_INCLUDE_IN_FRAMEWORK_HEADER = YES;
				CLANG_WARN_RANGE_LOOP_ANALYSIS = YES;
				CLANG_WARN_STRICT_PROTOTYPES = YES;
				CLANG_WARN_SUSPICIOUS_MOVE = YES;
				CLANG_WARN_UNGUARDED_AVAILABILITY = YES_AGGRESSIVE;
				CLANG_WARN_UNREACHABLE_CODE = YES;
				CLANG_WARN__DUPLICATE_METHOD_MATCH = YES;
				COPY_PHASE_STRIP = NO;
				DEBUG_INFORMATION_FORMAT = dwarf;
				ENABLE_STRICT_OBJC_MSGSEND = YES;
				ENABLE_TESTABILITY = YES;
				GCC_C_LANGUAGE_STANDARD = gnu11;
				GCC_DYNAMIC_NO_PIC = NO;
				GCC_NO_COMMON_BLOCKS = YES;
				GCC_OPTIMIZATION_LEVEL = 0;
				GCC_PREPROCESSOR_DEFINITIONS = (
					"DEBUG=1",
					"$(inherited)",
				);
				GCC_WARN_64_TO_32_BIT_CONVERSION = YES;
				GCC_WARN_ABOUT_RETURN_TYPE = YES_ERROR;
				GCC_WARN_UNDECLARED_SELECTOR = YES;
				GCC_WARN_UNINITIALIZED_AUTOS = YES_AGGRESSIVE;
				GCC_WARN_UNUSED_FUNCTION = YES;
				GCC_WARN_UNUSED_VARIABLE = YES;
				IPHONEOS_DEPLOYMENT_TARGET = 15.2;
				MTL_ENABLE_DEBUG_INFO = INCLUDE_SOURCE;
				MTL_FAST_MATH = YES;
				ONLY_ACTIVE_ARCH = YES;
				SDKROOT = iphoneos;
				SWIFT_ACTIVE_COMPILATION_CONDITIONS = DEBUG;
				SWIFT_OPTIMIZATION_LEVEL = "-Onone";
			};
			name = Debug;
		};
		BF2CA05428EE7F7600D3C2EF /* Release */ = {
			isa = XCBuildConfiguration;
			buildSettings = {
				ALWAYS_SEARCH_USER_PATHS = NO;
				CLANG_ANALYZER_NONNULL = YES;
				CLANG_ANALYZER_NUMBER_OBJECT_CONVERSION = YES_AGGRESSIVE;
				CLANG_CXX_LANGUAGE_STANDARD = "gnu++17";
				CLANG_CXX_LIBRARY = "libc++";
				CLANG_ENABLE_MODULES = YES;
				CLANG_ENABLE_OBJC_ARC = YES;
				CLANG_ENABLE_OBJC_WEAK = YES;
				CLANG_WARN_BLOCK_CAPTURE_AUTORELEASING = YES;
				CLANG_WARN_BOOL_CONVERSION = YES;
				CLANG_WARN_COMMA = YES;
				CLANG_WARN_CONSTANT_CONVERSION = YES;
				CLANG_WARN_DEPRECATED_OBJC_IMPLEMENTATIONS = YES;
				CLANG_WARN_DIRECT_OBJC_ISA_USAGE = YES_ERROR;
				CLANG_WARN_DOCUMENTATION_COMMENTS = YES;
				CLANG_WARN_EMPTY_BODY = YES;
				CLANG_WARN_ENUM_CONVERSION = YES;
				CLANG_WARN_INFINITE_RECURSION = YES;
				CLANG_WARN_INT_CONVERSION = YES;
				CLANG_WARN_NON_LITERAL_NULL_CONVERSION = YES;
				CLANG_WARN_OBJC_IMPLICIT_RETAIN_SELF = YES;
				CLANG_WARN_OBJC_LITERAL_CONVERSION = YES;
				CLANG_WARN_OBJC_ROOT_CLASS = YES_ERROR;
				CLANG_WARN_QUOTED_INCLUDE_IN_FRAMEWORK_HEADER = YES;
				CLANG_WARN_RANGE_LOOP_ANALYSIS = YES;
				CLANG_WARN_STRICT_PROTOTYPES = YES;
				CLANG_WARN_SUSPICIOUS_MOVE = YES;
				CLANG_WARN_UNGUARDED_AVAILABILITY = YES_AGGRESSIVE;
				CLANG_WARN_UNREACHABLE_CODE = YES;
				CLANG_WARN__DUPLICATE_METHOD_MATCH = YES;
				COPY_PHASE_STRIP = NO;
				DEBUG_INFORMATION_FORMAT = "dwarf-with-dsym";
				ENABLE_NS_ASSERTIONS = NO;
				ENABLE_STRICT_OBJC_MSGSEND = YES;
				GCC_C_LANGUAGE_STANDARD = gnu11;
				GCC_NO_COMMON_BLOCKS = YES;
				GCC_WARN_64_TO_32_BIT_CONVERSION = YES;
				GCC_WARN_ABOUT_RETURN_TYPE = YES_ERROR;
				GCC_WARN_UNDECLARED_SELECTOR = YES;
				GCC_WARN_UNINITIALIZED_AUTOS = YES_AGGRESSIVE;
				GCC_WARN_UNUSED_FUNCTION = YES;
				GCC_WARN_UNUSED_VARIABLE = YES;
				IPHONEOS_DEPLOYMENT_TARGET = 15.2;
				MTL_ENABLE_DEBUG_INFO = NO;
				MTL_FAST_MATH = YES;
				SDKROOT = iphoneos;
				SWIFT_COMPILATION_MODE = wholemodule;
				SWIFT_OPTIMIZATION_LEVEL = "-O";
				VALIDATE_PRODUCT = YES;
			};
			name = Release;
		};
		BF2CA05628EE7F7600D3C2EF /* Debug */ = {
			isa = XCBuildConfiguration;
			buildSettings = {
				ASSETCATALOG_COMPILER_APPICON_NAME = AppIcon;
				ASSETCATALOG_COMPILER_GLOBAL_ACCENT_COLOR_NAME = AccentColor;
				CODE_SIGN_STYLE = Automatic;
				CURRENT_PROJECT_VERSION = 1;
				DEVELOPMENT_ASSET_PATHS = "\"fire app/Preview Content\"";
				ENABLE_PREVIEWS = YES;
				GENERATE_INFOPLIST_FILE = YES;
				INFOPLIST_KEY_UIApplicationSceneManifest_Generation = YES;
				INFOPLIST_KEY_UIApplicationSupportsIndirectInputEvents = YES;
				INFOPLIST_KEY_UILaunchScreen_Generation = YES;
				INFOPLIST_KEY_UISupportedInterfaceOrientations_iPad = "UIInterfaceOrientationPortrait UIInterfaceOrientationPortraitUpsideDown UIInterfaceOrientationLandscapeLeft UIInterfaceOrientationLandscapeRight";
				INFOPLIST_KEY_UISupportedInterfaceOrientations_iPhone = "UIInterfaceOrientationPortrait UIInterfaceOrientationLandscapeLeft UIInterfaceOrientationLandscapeRight";
				LD_RUNPATH_SEARCH_PATHS = (
					"$(inherited)",
					"@executable_path/Frameworks",
				);
				MARKETING_VERSION = 1.0;
				PRODUCT_BUNDLE_IDENTIFIER = "World.AIClub.fire-app";
				PRODUCT_NAME = "$(TARGET_NAME)";
				SWIFT_EMIT_LOC_STRINGS = YES;
				SWIFT_VERSION = 5.0;
				TARGETED_DEVICE_FAMILY = "1,2";
			};
			name = Debug;
		};
		BF2CA05728EE7F7600D3C2EF /* Release */ = {
			isa = XCBuildConfiguration;
			buildSettings = {
				ASSETCATALOG_COMPILER_APPICON_NAME = AppIcon;
				ASSETCATALOG_COMPILER_GLOBAL_ACCENT_COLOR_NAME = AccentColor;
				CODE_SIGN_STYLE = Automatic;
				CURRENT_PROJECT_VERSION = 1;
				DEVELOPMENT_ASSET_PATHS = "\"fire app/Preview Content\"";
				ENABLE_PREVIEWS = YES;
				GENERATE_INFOPLIST_FILE = YES;
				INFOPLIST_KEY_UIApplicationSceneManifest_Generation = YES;
				INFOPLIST_KEY_UIApplicationSupportsIndirectInputEvents = YES;
				INFOPLIST_KEY_UILaunchScreen_Generation = YES;
				INFOPLIST_KEY_UISupportedInterfaceOrientations_iPad = "UIInterfaceOrientationPortrait UIInterfaceOrientationPortraitUpsideDown UIInterfaceOrientationLandscapeLeft UIInterfaceOrientationLandscapeRight";
				INFOPLIST_KEY_UISupportedInterfaceOrientations_iPhone = "UIInterfaceOrientationPortrait UIInterfaceOrientationLandscapeLeft UIInterfaceOrientationLandscapeRight";
				LD_RUNPATH_SEARCH_PATHS = (
					"$(inherited)",
					"@executable_path/Frameworks",
				);
				MARKETING_VERSION = 1.0;
				PRODUCT_BUNDLE_IDENTIFIER = "World.AIClub.fire-app";
				PRODUCT_NAME = "$(TARGET_NAME)";
				SWIFT_EMIT_LOC_STRINGS = YES;
				SWIFT_VERSION = 5.0;
				TARGETED_DEVICE_FAMILY = "1,2";
			};
			name = Release;
		};
/* End XCBuildConfiguration section */

/* Begin XCConfigurationList section */
		BF2CA04228EE7F7100D3C2EF /* Build configuration list for PBXProject "fire app" */ = {
			isa = XCConfigurationList;
			buildConfigurations = (
				BF2CA05328EE7F7600D3C2EF /* Debug */,
				BF2CA05428EE7F7600D3C2EF /* Release */,
			);
			defaultConfigurationIsVisible = 0;
			defaultConfigurationName = Release;
		};
		BF2CA05528EE7F7600D3C2EF /* Build configuration list for PBXNativeTarget "fire app" */ = {
			isa = XCConfigurationList;
			buildConfigurations = (
				BF2CA05628EE7F7600D3C2EF /* Debug */,
				BF2CA05728EE7F7600D3C2EF /* Release */,
			);
			defaultConfigurationIsVisible = 0;
			defaultConfigurationName = Release;
		};
/* End XCConfigurationList section */

/* Begin XCRemoteSwiftPackageReference section */
		BF2CA05828EE800D00D3C2EF /* XCRemoteSwiftPackageReference "SwiftyJSON" */ = {
			isa = XCRemoteSwiftPackageReference;
			repositoryURL = "https://github.com/SwiftyJSON/SwiftyJSON";
			requirement = {
				branch = master;
				kind = branch;
			};
		};
		BF2CA05B28EE803400D3C2EF /* XCRemoteSwiftPackageReference "Alamofire" */ = {
			isa = XCRemoteSwiftPackageReference;
			repositoryURL = "https://github.com/Alamofire/Alamofire";
			requirement = {
				kind = upToNextMajorVersion;
				minimumVersion = 5.0.0;
			};
		};
/* End XCRemoteSwiftPackageReference section */

/* Begin XCSwiftPackageProductDependency section */
		BF2CA05928EE800D00D3C2EF /* SwiftyJSON */ = {
			isa = XCSwiftPackageProductDependency;
			package = BF2CA05828EE800D00D3C2EF /* XCRemoteSwiftPackageReference "SwiftyJSON" */;
			productName = SwiftyJSON;
		};
		BF2CA05C28EE803400D3C2EF /* Alamofire */ = {
			isa = XCSwiftPackageProductDependency;
			package = BF2CA05B28EE803400D3C2EF /* XCRemoteSwiftPackageReference "Alamofire" */;
			productName = Alamofire;
		};
/* End XCSwiftPackageProductDependency section */
	};
	rootObject = BF2CA03F28EE7F7100D3C2EF /* Project object */;
}
